
Microsoft Visual Studio Solution File, Format Version 12.00
# Visual Studio 14
VisualStudioVersion = 14.0.25420.1
MinimumVisualStudioVersion = 10.0.40219.1
Project("{FAE04EC0-301F-11D3-BF4B-00C04F79EFBC}") = "SMIT02_MVC5", "SMIT02_MVC5\SMIT02_MVC5.csproj", "{F70882A2-95FE-418A-B146-BA47157687CD}"
EndProject
Global
	GlobalSection(SolutionConfigurationPlatforms) = preSolution
		Debug|Any CPU = Debug|Any CPU
		Release|Any CPU = Release|Any CPU
	EndGlobalSection
	GlobalSection(ProjectConfigurationPlatforms) = postSolution
		{F70882A2-95FE-418A-B146-BA47157687CD}.Debug|Any CPU.ActiveCfg = Debug|Any CPU
		{F70882A2-95FE-418A-B146-BA47157687CD}.Debug|Any CPU.Build.0 = Debug|Any CPU
		{F70882A2-95FE-418A-B146-BA47157687CD}.Release|Any CPU.ActiveCfg = Release|Any CPU
		{F70882A2-95FE-418A-B146-BA47157687CD}.Release|Any CPU.Build.0 = Release|Any CPU
	EndGlobalSection
	GlobalSection(SolutionProperties) = preSolution
		HideSolutionNode = FALSE
	EndGlobalSection
EndGlobal
